// !$*UTF8*$!
{
	archiveVersion = 1;
	classes = {
	};
	objectVersion = 46;
	objects = {

/* Begin PBXBuildFile section */
		241235BE18C0B6CB00C01CD1 /* Foundation.framework in Frameworks */ = {isa = PBXBuildFile; fileRef = 241235BD18C0B6CB00C01CD1 /* Foundation.framework */; };
		241235C018C0B6CB00C01CD1 /* CoreGraphics.framework in Frameworks */ = {isa = PBXBuildFile; fileRef = 241235BF18C0B6CB00C01CD1 /* CoreGraphics.framework */; };
		241235C218C0B6CB00C01CD1 /* UIKit.framework in Frameworks */ = {isa = PBXBuildFile; fileRef = 241235C118C0B6CB00C01CD1 /* UIKit.framework */; };
		241235C818C0B6CB00C01CD1 /* InfoPlist.strings in Resources */ = {isa = PBXBuildFile; fileRef = 241235C618C0B6CB00C01CD1 /* InfoPlist.strings */; };
		241235CA18C0B6CB00C01CD1 /* main.m in Sources */ = {isa = PBXBuildFile; fileRef = 241235C918C0B6CB00C01CD1 /* main.m */; };
		241235CE18C0B6CB00C01CD1 /* AppDelegate.m in Sources */ = {isa = PBXBuildFile; fileRef = 241235CD18C0B6CB00C01CD1 /* AppDelegate.m */; };
		241235D118C0B6CB00C01CD1 /* Main.storyboard in Resources */ = {isa = PBXBuildFile; fileRef = 241235CF18C0B6CB00C01CD1 /* Main.storyboard */; };
		241235D418C0B6CB00C01CD1 /* ViewController.m in Sources */ = {isa = PBXBuildFile; fileRef = 241235D318C0B6CB00C01CD1 /* ViewController.m */; };
		241235D618C0B6CB00C01CD1 /* Images.xcassets in Resources */ = {isa = PBXBuildFile; fileRef = 241235D518C0B6CB00C01CD1 /* Images.xcassets */; };
		241235DD18C0B6CB00C01CD1 /* XCTest.framework in Frameworks */ = {isa = PBXBuildFile; fileRef = 241235DC18C0B6CB00C01CD1 /* XCTest.framework */; };
		241235DE18C0B6CB00C01CD1 /* Foundation.framework in Frameworks */ = {isa = PBXBuildFile; fileRef = 241235BD18C0B6CB00C01CD1 /* Foundation.framework */; };
		241235DF18C0B6CB00C01CD1 /* UIKit.framework in Frameworks */ = {isa = PBXBuildFile; fileRef = 241235C118C0B6CB00C01CD1 /* UIKit.framework */; };
		241235E718C0B6CB00C01CD1 /* InfoPlist.strings in Resources */ = {isa = PBXBuildFile; fileRef = 241235E518C0B6CB00C01CD1 /* InfoPlist.strings */; };
		241235E918C0B6CB00C01CD1 /* SBN_CustomCamTests.m in Sources */ = {isa = PBXBuildFile; fileRef = 241235E818C0B6CB00C01CD1 /* SBN_CustomCamTests.m */; };
		241235F318C0B6EF00C01CD1 /* AVFoundation.framework in Frameworks */ = {isa = PBXBuildFile; fileRef = 241235F218C0B6EF00C01CD1 /* AVFoundation.framework */; };
		241235F618C0B7FA00C01CD1 /* imgController.m in Sources */ = {isa = PBXBuildFile; fileRef = 241235F518C0B7FA00C01CD1 /* imgController.m */; };
		241235F818C0BE1000C01CD1 /* scanbutton.png in Resources */ = {isa = PBXBuildFile; fileRef = 241235F718C0BE1000C01CD1 /* scanbutton.png */; };
		241235F918C0BE1000C01CD1 /* scanbutton.png in Resources */ = {isa = PBXBuildFile; fileRef = 241235F718C0BE1000C01CD1 /* scanbutton.png */; };
/* End PBXBuildFile section */

/* Begin PBXContainerItemProxy section */
		241235E018C0B6CB00C01CD1 /* PBXContainerItemProxy */ = {
			isa = PBXContainerItemProxy;
			containerPortal = 241235B218C0B6CA00C01CD1 /* Project object */;
			proxyType = 1;
			remoteGlobalIDString = 241235B918C0B6CB00C01CD1;
			remoteInfo = SBN_CustomCam;
		};
/* End PBXContainerItemProxy section */

/* Begin PBXFileReference section */
		241235BA18C0B6CB00C01CD1 /* SBN_CustomCam.app */ = {isa = PBXFileReference; explicitFileType = wrapper.application; includeInIndex = 0; path = SBN_CustomCam.app; sourceTree = BUILT_PRODUCTS_DIR; };
		241235BD18C0B6CB00C01CD1 /* Foundation.framework */ = {isa = PBXFileReference; lastKnownFileType = wrapper.framework; name = Foundation.framework; path = System/Library/Frameworks/Foundation.framework; sourceTree = SDKROOT; };
		241235BF18C0B6CB00C01CD1 /* CoreGraphics.framework */ = {isa = PBXFileReference; lastKnownFileType = wrapper.framework; name = CoreGraphics.framework; path = System/Library/Frameworks/CoreGraphics.framework; sourceTree = SDKROOT; };
		241235C118C0B6CB00C01CD1 /* UIKit.framework */ = {isa = PBXFileReference; lastKnownFileType = wrapper.framework; name = UIKit.framework; path = System/Library/Frameworks/UIKit.framework; sourceTree = SDKROOT; };
		241235C518C0B6CB00C01CD1 /* SBN_CustomCam-Info.plist */ = {isa = PBXFileReference; lastKnownFileType = text.plist.xml; path = "SBN_CustomCam-Info.plist"; sourceTree = "<group>"; };
		241235C718C0B6CB00C01CD1 /* en */ = {isa = PBXFileReference; lastKnownFileType = text.plist.strings; name = en; path = en.lproj/InfoPlist.strings; sourceTree = "<group>"; };
		241235C918C0B6CB00C01CD1 /* main.m */ = {isa = PBXFileReference; lastKnownFileType = sourcecode.c.objc; path = main.m; sourceTree = "<group>"; };
		241235CB18C0B6CB00C01CD1 /* SBN_CustomCam-Prefix.pch */ = {isa = PBXFileReference; lastKnownFileType = sourcecode.c.h; path = "SBN_CustomCam-Prefix.pch"; sourceTree = "<group>"; };
		241235CC18C0B6CB00C01CD1 /* AppDelegate.h */ = {isa = PBXFileReference; lastKnownFileType = sourcecode.c.h; path = AppDelegate.h; sourceTree = "<group>"; };
		241235CD18C0B6CB00C01CD1 /* AppDelegate.m */ = {isa = PBXFileReference; lastKnownFileType = sourcecode.c.objc; path = AppDelegate.m; sourceTree = "<group>"; };
		241235D018C0B6CB00C01CD1 /* Base */ = {isa = PBXFileReference; lastKnownFileType = file.storyboard; name = Base; path = Base.lproj/Main.storyboard; sourceTree = "<group>"; };
		241235D218C0B6CB00C01CD1 /* ViewController.h */ = {isa = PBXFileReference; lastKnownFileType = sourcecode.c.h; path = ViewController.h; sourceTree = "<group>"; };
		241235D318C0B6CB00C01CD1 /* ViewController.m */ = {isa = PBXFileReference; lastKnownFileType = sourcecode.c.objc; path = ViewController.m; sourceTree = "<group>"; };
		241235D518C0B6CB00C01CD1 /* Images.xcassets */ = {isa = PBXFileReference; lastKnownFileType = folder.assetcatalog; path = Images.xcassets; sourceTree = "<group>"; };
		241235DB18C0B6CB00C01CD1 /* SBN_CustomCamTests.xctest */ = {isa = PBXFileReference; explicitFileType = wrapper.cfbundle; includeInIndex = 0; path = SBN_CustomCamTests.xctest; sourceTree = BUILT_PRODUCTS_DIR; };
		241235DC18C0B6CB00C01CD1 /* XCTest.framework */ = {isa = PBXFileReference; lastKnownFileType = wrapper.framework; name = XCTest.framework; path = Library/Frameworks/XCTest.framework; sourceTree = DEVELOPER_DIR; };
		241235E418C0B6CB00C01CD1 /* SBN_CustomCamTests-Info.plist */ = {isa = PBXFileReference; lastKnownFileType = text.plist.xml; path = "SBN_CustomCamTests-Info.plist"; sourceTree = "<group>"; };
		241235E618C0B6CB00C01CD1 /* en */ = {isa = PBXFileReference; lastKnownFileType = text.plist.strings; name = en; path = en.lproj/InfoPlist.strings; sourceTree = "<group>"; };
		241235E818C0B6CB00C01CD1 /* SBN_CustomCamTests.m */ = {isa = PBXFileReference; lastKnownFileType = sourcecode.c.objc; path = SBN_CustomCamTests.m; sourceTree = "<group>"; };
		241235F218C0B6EF00C01CD1 /* AVFoundation.framework */ = {isa = PBXFileReference; lastKnownFileType = wrapper.framework; name = AVFoundation.framework; path = System/Library/Frameworks/AVFoundation.framework; sourceTree = SDKROOT; };
		241235F418C0B7FA00C01CD1 /* imgController.h */ = {isa = PBXFileReference; fileEncoding = 4; lastKnownFileType = sourcecode.c.h; path = imgController.h; sourceTree = "<group>"; };
		241235F518C0B7FA00C01CD1 /* imgController.m */ = {isa = PBXFileReference; fileEncoding = 4; lastKnownFileType = sourcecode.c.objc; path = imgController.m; sourceTree = "<group>"; };
		241235F718C0BE1000C01CD1 /* scanbutton.png */ = {isa = PBXFileReference; lastKnownFileType = image.png; path = scanbutton.png; sourceTree = "<group>"; };
/* End PBXFileReference section */

/* Begin PBXFrameworksBuildPhase section */
		241235B718C0B6CB00C01CD1 /* Frameworks */ = {
			isa = PBXFrameworksBuildPhase;
			buildActionMask = 2147483647;
			files = (
				241235F318C0B6EF00C01CD1 /* AVFoundation.framework in Frameworks */,
				241235C018C0B6CB00C01CD1 /* CoreGraphics.framework in Frameworks */,
				241235C218C0B6CB00C01CD1 /* UIKit.framework in Frameworks */,
				241235BE18C0B6CB00C01CD1 /* Foundation.framework in Frameworks */,
			);
			runOnlyForDeploymentPostprocessing = 0;
		};
		241235D818C0B6CB00C01CD1 /* Frameworks */ = {
			isa = PBXFrameworksBuildPhase;
			buildActionMask = 2147483647;
			files = (
				241235DD18C0B6CB00C01CD1 /* XCTest.framework in Frameworks */,
				241235DF18C0B6CB00C01CD1 /* UIKit.framework in Frameworks */,
				241235DE18C0B6CB00C01CD1 /* Foundation.framework in Frameworks */,
			);
			runOnlyForDeploymentPostprocessing = 0;
		};
/* End PBXFrameworksBuildPhase section */

/* Begin PBXGroup section */
		241235B118C0B6CA00C01CD1 = {
			isa = PBXGroup;
			children = (
				241235C318C0B6CB00C01CD1 /* SBN_CustomCam */,
				241235E218C0B6CB00C01CD1 /* SBN_CustomCamTests */,
				241235BC18C0B6CB00C01CD1 /* Frameworks */,
				241235BB18C0B6CB00C01CD1 /* Products */,
			);
			sourceTree = "<group>";
		};
		241235BB18C0B6CB00C01CD1 /* Products */ = {
			isa = PBXGroup;
			children = (
				241235BA18C0B6CB00C01CD1 /* SBN_CustomCam.app */,
				241235DB18C0B6CB00C01CD1 /* SBN_CustomCamTests.xctest */,
			);
			name = Products;
			sourceTree = "<group>";
		};
		241235BC18C0B6CB00C01CD1 /* Frameworks */ = {
			isa = PBXGroup;
			children = (
				241235F218C0B6EF00C01CD1 /* AVFoundation.framework */,
				241235BD18C0B6CB00C01CD1 /* Foundation.framework */,
				241235BF18C0B6CB00C01CD1 /* CoreGraphics.framework */,
				241235C118C0B6CB00C01CD1 /* UIKit.framework */,
				241235DC18C0B6CB00C01CD1 /* XCTest.framework */,
			);
			name = Frameworks;
			sourceTree = "<group>";
		};
		241235C318C0B6CB00C01CD1 /* SBN_CustomCam */ = {
			isa = PBXGroup;
			children = (
				241235CC18C0B6CB00C01CD1 /* AppDelegate.h */,
				241235CD18C0B6CB00C01CD1 /* AppDelegate.m */,
				241235CF18C0B6CB00C01CD1 /* Main.storyboard */,
				241235D218C0B6CB00C01CD1 /* ViewController.h */,
				241235D318C0B6CB00C01CD1 /* ViewController.m */,
				241235F418C0B7FA00C01CD1 /* imgController.h */,
				241235F518C0B7FA00C01CD1 /* imgController.m */,
				241235D518C0B6CB00C01CD1 /* Images.xcassets */,
				241235C418C0B6CB00C01CD1 /* Supporting Files */,
			);
			path = SBN_CustomCam;
			sourceTree = "<group>";
		};
		241235C418C0B6CB00C01CD1 /* Supporting Files */ = {
			isa = PBXGroup;
			children = (
				241235F718C0BE1000C01CD1 /* scanbutton.png */,
				241235C518C0B6CB00C01CD1 /* SBN_CustomCam-Info.plist */,
				241235C618C0B6CB00C01CD1 /* InfoPlist.strings */,
				241235C918C0B6CB00C01CD1 /* main.m */,
				241235CB18C0B6CB00C01CD1 /* SBN_CustomCam-Prefix.pch */,
			);
			name = "Supporting Files";
			sourceTree = "<group>";
		};
		241235E218C0B6CB00C01CD1 /* SBN_CustomCamTests */ = {
			isa = PBXGroup;
			children = (
				241235E818C0B6CB00C01CD1 /* SBN_CustomCamTests.m */,
				241235E318C0B6CB00C01CD1 /* Supporting Files */,
			);
			path = SBN_CustomCamTests;
			sourceTree = "<group>";
		};
		241235E318C0B6CB00C01CD1 /* Supporting Files */ = {
			isa = PBXGroup;
			children = (
				241235E418C0B6CB00C01CD1 /* SBN_CustomCamTests-Info.plist */,
				241235E518C0B6CB00C01CD1 /* InfoPlist.strings */,
			);
			name = "Supporting Files";
			sourceTree = "<group>";
		};
/* End PBXGroup section */

/* Begin PBXNativeTarget section */
		241235B918C0B6CB00C01CD1 /* SBN_CustomCam */ = {
			isa = PBXNativeTarget;
			buildConfigurationList = 241235EC18C0B6CB00C01CD1 /* Build configuration list for PBXNativeTarget "SBN_CustomCam" */;
			buildPhases = (
				241235B618C0B6CB00C01CD1 /* Sources */,
				241235B718C0B6CB00C01CD1 /* Frameworks */,
				241235B818C0B6CB00C01CD1 /* Resources */,
			);
			buildRules = (
			);
			dependencies = (
			);
			name = SBN_CustomCam;
			productName = SBN_CustomCam;
			productReference = 241235BA18C0B6CB00C01CD1 /* SBN_CustomCam.app */;
			productType = "com.apple.product-type.application";
		};
		241235DA18C0B6CB00C01CD1 /* SBN_CustomCamTests */ = {
			isa = PBXNativeTarget;
			buildConfigurationList = 241235EF18C0B6CB00C01CD1 /* Build configuration list for PBXNativeTarget "SBN_CustomCamTests" */;
			buildPhases = (
				241235D718C0B6CB00C01CD1 /* Sources */,
				241235D818C0B6CB00C01CD1 /* Frameworks */,
				241235D918C0B6CB00C01CD1 /* Resources */,
			);
			buildRules = (
			);
			dependencies = (
				241235E118C0B6CB00C01CD1 /* PBXTargetDependency */,
			);
			name = SBN_CustomCamTests;
			productName = SBN_CustomCamTests;
			productReference = 241235DB18C0B6CB00C01CD1 /* SBN_CustomCamTests.xctest */;
			productType = "com.apple.product-type.bundle.unit-test";
		};
/* End PBXNativeTarget section */

/* Begin PBXProject section */
		241235B218C0B6CA00C01CD1 /* Project object */ = {
			isa = PBXProject;
			attributes = {
				LastUpgradeCheck = 0500;
				ORGANIZATIONNAME = "Mini Mac i72";
				TargetAttributes = {
					241235DA18C0B6CB00C01CD1 = {
						TestTargetID = 241235B918C0B6CB00C01CD1;
					};
				};
			};
			buildConfigurationList = 241235B518C0B6CA00C01CD1 /* Build configuration list for PBXProject "SBN_CustomCam" */;
			compatibilityVersion = "Xcode 3.2";
			developmentRegion = English;
			hasScannedForEncodings = 0;
			knownRegions = (
				en,
				Base,
			);
			mainGroup = 241235B118C0B6CA00C01CD1;
			productRefGroup = 241235BB18C0B6CB00C01CD1 /* Products */;
			projectDirPath = "";
			projectRoot = "";
			targets = (
				241235B918C0B6CB00C01CD1 /* SBN_CustomCam */,
				241235DA18C0B6CB00C01CD1 /* SBN_CustomCamTests */,
			);
		};
/* End PBXProject section */

/* Begin PBXResourcesBuildPhase section */
		241235B818C0B6CB00C01CD1 /* Resources */ = {
			isa = PBXResourcesBuildPhase;
			buildActionMask = 2147483647;
			files = (
				241235D618C0B6CB00C01CD1 /* Images.xcassets in Resources */,
				241235C818C0B6CB00C01CD1 /* InfoPlist.strings in Resources */,
				241235F818C0BE1000C01CD1 /* scanbutton.png in Resources */,
				241235D118C0B6CB00C01CD1 /* Main.storyboard in Resources */,
			);
			runOnlyForDeploymentPostprocessing = 0;
		};
		241235D918C0B6CB00C01CD1 /* Resources */ = {
			isa = PBXResourcesBuildPhase;
			buildActionMask = 2147483647;
			files = (
				241235F918C0BE1000C01CD1 /* scanbutton.png in Resources */,
				241235E718C0B6CB00C01CD1 /* InfoPlist.strings in Resources */,
			);
			runOnlyForDeploymentPostprocessing = 0;
		};
/* End PBXResourcesBuildPhase section */

/* Begin PBXSourcesBuildPhase section */
		241235B618C0B6CB00C01CD1 /* Sources */ = {
			isa = PBXSourcesBuildPhase;
			buildActionMask = 2147483647;
			files = (
				241235D418C0B6CB00C01CD1 /* ViewController.m in Sources */,
				241235CE18C0B6CB00C01CD1 /* AppDelegate.m in Sources */,
				241235CA18C0B6CB00C01CD1 /* main.m in Sources */,
				241235F618C0B7FA00C01CD1 /* imgController.m in Sources */,
			);
			runOnlyForDeploymentPostprocessing = 0;
		};
		241235D718C0B6CB00C01CD1 /* Sources */ = {
			isa = PBXSourcesBuildPhase;
			buildActionMask = 2147483647;
			files = (
				241235E918C0B6CB00C01CD1 /* SBN_CustomCamTests.m in Sources */,
			);
			runOnlyForDeploymentPostprocessing = 0;
		};
/* End PBXSourcesBuildPhase section */

/* Begin PBXTargetDependency section */
		241235E118C0B6CB00C01CD1 /* PBXTargetDependency */ = {
			isa = PBXTargetDependency;
			target = 241235B918C0B6CB00C01CD1 /* SBN_CustomCam */;
			targetProxy = 241235E018C0B6CB00C01CD1 /* PBXContainerItemProxy */;
		};
/* End PBXTargetDependency section */

/* Begin PBXVariantGroup section */
		241235C618C0B6CB00C01CD1 /* InfoPlist.strings */ = {
			isa = PBXVariantGroup;
			children = (
				241235C718C0B6CB00C01CD1 /* en */,
			);
			name = InfoPlist.strings;
			sourceTree = "<group>";
		};
		241235CF18C0B6CB00C01CD1 /* Main.storyboard */ = {
			isa = PBXVariantGroup;
			children = (
				241235D018C0B6CB00C01CD1 /* Base */,
			);
			name = Main.storyboard;
			sourceTree = "<group>";
		};
		241235E518C0B6CB00C01CD1 /* InfoPlist.strings */ = {
			isa = PBXVariantGroup;
			children = (
				241235E618C0B6CB00C01CD1 /* en */,
			);
			name = InfoPlist.strings;
			sourceTree = "<group>";
		};
/* End PBXVariantGroup section */

/* Begin XCBuildConfiguration section */
		241235EA18C0B6CB00C01CD1 /* Debug */ = {
			isa = XCBuildConfiguration;
			buildSettings = {
				ALWAYS_SEARCH_USER_PATHS = NO;
				ARCHS = "$(ARCHS_STANDARD_INCLUDING_64_BIT)";
				CLANG_CXX_LANGUAGE_STANDARD = "gnu++0x";
				CLANG_CXX_LIBRARY = "libc++";
				CLANG_ENABLE_MODULES = YES;
				CLANG_ENABLE_OBJC_ARC = YES;
				CLANG_WARN_BOOL_CONVERSION = YES;
				CLANG_WARN_CONSTANT_CONVERSION = YES;
				CLANG_WARN_DIRECT_OBJC_ISA_USAGE = YES_ERROR;
				CLANG_WARN_EMPTY_BODY = YES;
				CLANG_WARN_ENUM_CONVERSION = YES;
				CLANG_WARN_INT_CONVERSION = YES;
				CLANG_WARN_OBJC_ROOT_CLASS = YES_ERROR;
				CLANG_WARN__DUPLICATE_METHOD_MATCH = YES;
				"CODE_SIGN_IDENTITY[sdk=iphoneos*]" = "iPhone Developer";
				COPY_PHASE_STRIP = NO;
				GCC_C_LANGUAGE_STANDARD = gnu99;
				GCC_DYNAMIC_NO_PIC = NO;
				GCC_OPTIMIZATION_LEVEL = 0;
				GCC_PREPROCESSOR_DEFINITIONS = (
					"DEBUG=1",
					"$(inherited)",
				);
				GCC_SYMBOLS_PRIVATE_EXTERN = NO;
				GCC_WARN_64_TO_32_BIT_CONVERSION = YES;
				GCC_WARN_ABOUT_RETURN_TYPE = YES_ERROR;
				GCC_WARN_UNDECLARED_SELECTOR = YES;
				GCC_WARN_UNINITIALIZED_AUTOS = YES;
				GCC_WARN_UNUSED_FUNCTION = YES;
				GCC_WARN_UNUSED_VARIABLE = YES;
				IPHONEOS_DEPLOYMENT_TARGET = 7.0;
				ONLY_ACTIVE_ARCH = YES;
				SDKROOT = iphoneos;
			};
			name = Debug;
		};
		241235EB18C0B6CB00C01CD1 /* Release */ = {
			isa = XCBuildConfiguration;
			buildSettings = {
				ALWAYS_SEARCH_USER_PATHS = NO;
				ARCHS = "$(ARCHS_STANDARD_INCLUDING_64_BIT)";
				CLANG_CXX_LANGUAGE_STANDARD = "gnu++0x";
				CLANG_CXX_LIBRARY = "libc++";
				CLANG_ENABLE_MODULES = YES;
				CLANG_ENABLE_OBJC_ARC = YES;
				CLANG_WARN_BOOL_CONVERSION = YES;
				CLANG_WARN_CONSTANT_CONVERSION = YES;
				CLANG_WARN_DIRECT_OBJC_ISA_USAGE = YES_ERROR;
				CLANG_WARN_EMPTY_BODY = YES;
				CLANG_WARN_ENUM_CONVERSION = YES;
				CLANG_WARN_INT_CONVERSION = YES;
				CLANG_WARN_OBJC_ROOT_CLASS = YES_ERROR;
				CLANG_WARN__DUPLICATE_METHOD_MATCH = YES;
				"CODE_SIGN_IDENTITY[sdk=iphoneos*]" = "iPhone Developer";
				COPY_PHASE_STRIP = YES;
				ENABLE_NS_ASSERTIONS = NO;
				GCC_C_LANGUAGE_STANDARD = gnu99;
				GCC_WARN_64_TO_32_BIT_CONVERSION = YES;
				GCC_WARN_ABOUT_RETURN_TYPE = YES_ERROR;
				GCC_WARN_UNDECLARED_SELECTOR = YES;
				GCC_WARN_UNINITIALIZED_AUTOS = YES;
				GCC_WARN_UNUSED_FUNCTION = YES;
				GCC_WARN_UNUSED_VARIABLE = YES;
				IPHONEOS_DEPLOYMENT_TARGET = 7.0;
				SDKROOT = iphoneos;
				VALIDATE_PRODUCT = YES;
			};
			name = Release;
		};
		241235ED18C0B6CB00C01CD1 /* Debug */ = {
			isa = XCBuildConfiguration;
			buildSettings = {
				ASSETCATALOG_COMPILER_APPICON_NAME = AppIcon;
				ASSETCATALOG_COMPILER_LAUNCHIMAGE_NAME = LaunchImage;
				GCC_PRECOMPILE_PREFIX_HEADER = YES;
				GCC_PREFIX_HEADER = "SBN_CustomCam/SBN_CustomCam-Prefix.pch";
				INFOPLIST_FILE = "SBN_CustomCam/SBN_CustomCam-Info.plist";
				PRODUCT_NAME = "$(TARGET_NAME)";
				WRAPPER_EXTENSION = app;
			};
			name = Debug;
		};
		241235EE18C0B6CB00C01CD1 /* Release */ = {
			isa = XCBuildConfiguration;
			buildSettings = {
				ASSETCATALOG_COMPILER_APPICON_NAME = AppIcon;
				ASSETCATALOG_COMPILER_LAUNCHIMAGE_NAME = LaunchImage;
				GCC_PRECOMPILE_PREFIX_HEADER = YES;
				GCC_PREFIX_HEADER = "SBN_CustomCam/SBN_CustomCam-Prefix.pch";
				INFOPLIST_FILE = "SBN_CustomCam/SBN_CustomCam-Info.plist";
				PRODUCT_NAME = "$(TARGET_NAME)";
				WRAPPER_EXTENSION = app;
			};
			name = Release;
		};
		241235F018C0B6CB00C01CD1 /* Debug */ = {
			isa = XCBuildConfiguration;
			buildSettings = {
				ARCHS = "$(ARCHS_STANDARD_INCLUDING_64_BIT)";
				BUNDLE_LOADER = "$(BUILT_PRODUCTS_DIR)/SBN_CustomCam.app/SBN_CustomCam";
				FRAMEWORK_SEARCH_PATHS = (
					"$(SDKROOT)/Developer/Library/Frameworks",
					"$(inherited)",
					"$(DEVELOPER_FRAMEWORKS_DIR)",
				);
				GCC_PRECOMPILE_PREFIX_HEADER = YES;
				GCC_PREFIX_HEADER = "SBN_CustomCam/SBN_CustomCam-Prefix.pch";
				GCC_PREPROCESSOR_DEFINITIONS = (
					"DEBUG=1",
					"$(inherited)",
				);
				INFOPLIST_FILE = "SBN_CustomCamTests/SBN_CustomCamTests-Info.plist";
				PRODUCT_NAME = "$(TARGET_NAME)";
				TEST_HOST = "$(BUNDLE_LOADER)";
				WRAPPER_EXTENSION = xctest;
			};
			name = Debug;
		};
		241235F118C0B6CB00C01CD1 /* Release */ = {
			isa = XCBuildConfiguration;
			buildSettings = {
				ARCHS = "$(ARCHS_STANDARD_INCLUDING_64_BIT)";
				BUNDLE_LOADER = "$(BUILT_PRODUCTS_DIR)/SBN_CustomCam.app/SBN_CustomCam";
				FRAMEWORK_SEARCH_PATHS = (
					"$(SDKROOT)/Developer/Library/Frameworks",
					"$(inherited)",
					"$(DEVELOPER_FRAMEWORKS_DIR)",
				);
				GCC_PRECOMPILE_PREFIX_HEADER = YES;
				GCC_PREFIX_HEADER = "SBN_CustomCam/SBN_CustomCam-Prefix.pch";
				INFOPLIST_FILE = "SBN_CustomCamTests/SBN_CustomCamTests-Info.plist";
				PRODUCT_NAME = "$(TARGET_NAME)";
				TEST_HOST = "$(BUNDLE_LOADER)";
				WRAPPER_EXTENSION = xctest;
			};
			name = Release;
		};
/* End XCBuildConfiguration section */

/* Begin XCConfigurationList section */
		241235B518C0B6CA00C01CD1 /* Build configuration list for PBXProject "SBN_CustomCam" */ = {
			isa = XCConfigurationList;
			buildConfigurations = (
				241235EA18C0B6CB00C01CD1 /* Debug */,
				241235EB18C0B6CB00C01CD1 /* Release */,
			);
			defaultConfigurationIsVisible = 0;
			defaultConfigurationName = Release;
		};
		241235EC18C0B6CB00C01CD1 /* Build configuration list for PBXNativeTarget "SBN_CustomCam" */ = {
			isa = XCConfigurationList;
			buildConfigurations = (
				241235ED18C0B6CB00C01CD1 /* Debug */,
				241235EE18C0B6CB00C01CD1 /* Release */,
			);
			defaultConfigurationIsVisible = 0;
		};
		241235EF18C0B6CB00C01CD1 /* Build configuration list for PBXNativeTarget "SBN_CustomCamTests" */ = {
			isa = XCConfigurationList;
			buildConfigurations = (
				241235F018C0B6CB00C01CD1 /* Debug */,
				241235F118C0B6CB00C01CD1 /* Release */,
			);
			defaultConfigurationIsVisible = 0;
		};
/* End XCConfigurationList section */
	};
	rootObject = 241235B218C0B6CA00C01CD1 /* Project object */;
}
